
Microsoft Visual Studio Solution File, Format Version 12.00
# Visual Studio Version 17
VisualStudioVersion = 17.0.31919.166
MinimumVisualStudioVersion = 10.0.40219.1
Project("{FAE04EC0-301F-11D3-BF4B-00C04F79EFBC}") = "WebAppVideoCamersOperzal", "WebAppVideoCamersOperzal\WebAppVideoCamersOperzal.csproj", "{65EB1E63-1153-45A1-9618-24866958D049}"
EndProject
Global
	GlobalSection(SolutionConfigurationPlatforms) = preSolution
		Debug|Any CPU = Debug|Any CPU
		Release|Any CPU = Release|Any CPU
	EndGlobalSection
	GlobalSection(ProjectConfigurationPlatforms) = postSolution
		{65EB1E63-1153-45A1-9618-24866958D049}.Debug|Any CPU.ActiveCfg = Debug|Any CPU
		{65EB1E63-1153-45A1-9618-24866958D049}.Debug|Any CPU.Build.0 = Debug|Any CPU
		{65EB1E63-1153-45A1-9618-24866958D049}.Release|Any CPU.ActiveCfg = Release|Any CPU
		{65EB1E63-1153-45A1-9618-24866958D049}.Release|Any CPU.Build.0 = Release|Any CPU
	EndGlobalSection
	GlobalSection(SolutionProperties) = preSolution
		HideSolutionNode = FALSE
	EndGlobalSection
	GlobalSection(ExtensibilityGlobals) = postSolution
		SolutionGuid = {D509049C-87C9-40C0-93A2-C515E7FB5051}
	EndGlobalSection
EndGlobal
